
Microsoft Visual Studio Solution File, Format Version 12.00
# Visual Studio Version 16
VisualStudioVersion = 16.0.30114.105
MinimumVisualStudioVersion = 10.0.40219.1
Project("{FAE04EC0-301F-11D3-BF4B-00C04F79EFBC}") = "Ex01", "Ex01\Ex01.csproj", "{86F49A61-E9E0-4074-AB0F-B6FA9810D32E}"
EndProject
Project("{FAE04EC0-301F-11D3-BF4B-00C04F79EFBC}") = "Ex23", "Ex23\Ex23.csproj", "{8A315403-5937-402D-90CC-7FA06A81B532}"
EndProject
Project("{FAE04EC0-301F-11D3-BF4B-00C04F79EFBC}") = "Ex24", "Ex24\Ex24.csproj", "{4AB2322F-F6E7-4C77-812C-D6C6DBC81BFF}"
EndProject
Project("{FAE04EC0-301F-11D3-BF4B-00C04F79EFBC}") = "Ex25", "Ex25\Ex25.csproj", "{2CA0E6C9-09F9-451E-ADEC-EA1D80489C91}"
EndProject
Project("{FAE04EC0-301F-11D3-BF4B-00C04F79EFBC}") = "Ex31", "Ex31\Ex31.csproj", "{888F1A15-62FF-4700-AF5B-43C36BDA0559}"
EndProject
Project("{FAE04EC0-301F-11D3-BF4B-00C04F79EFBC}") = "Ex37", "Ex37\Ex37.csproj", "{21C403C6-94E7-4BB5-8A68-894E06332F7D}"
EndProject
Global
	GlobalSection(SolutionConfigurationPlatforms) = preSolution
		Debug|Any CPU = Debug|Any CPU
		Debug|x64 = Debug|x64
		Debug|x86 = Debug|x86
		Release|Any CPU = Release|Any CPU
		Release|x64 = Release|x64
		Release|x86 = Release|x86
	EndGlobalSection
	GlobalSection(SolutionProperties) = preSolution
		HideSolutionNode = FALSE
	EndGlobalSection
	GlobalSection(ProjectConfigurationPlatforms) = postSolution
		{86F49A61-E9E0-4074-AB0F-B6FA9810D32E}.Debug|Any CPU.ActiveCfg = Debug|Any CPU
		{86F49A61-E9E0-4074-AB0F-B6FA9810D32E}.Debug|Any CPU.Build.0 = Debug|Any CPU
		{86F49A61-E9E0-4074-AB0F-B6FA9810D32E}.Debug|x64.ActiveCfg = Debug|Any CPU
		{86F49A61-E9E0-4074-AB0F-B6FA9810D32E}.Debug|x64.Build.0 = Debug|Any CPU
		{86F49A61-E9E0-4074-AB0F-B6FA9810D32E}.Debug|x86.ActiveCfg = Debug|Any CPU
		{86F49A61-E9E0-4074-AB0F-B6FA9810D32E}.Debug|x86.Build.0 = Debug|Any CPU
		{86F49A61-E9E0-4074-AB0F-B6FA9810D32E}.Release|Any CPU.ActiveCfg = Release|Any CPU
		{86F49A61-E9E0-4074-AB0F-B6FA9810D32E}.Release|Any CPU.Build.0 = Release|Any CPU
		{86F49A61-E9E0-4074-AB0F-B6FA9810D32E}.Release|x64.ActiveCfg = Release|Any CPU
		{86F49A61-E9E0-4074-AB0F-B6FA9810D32E}.Release|x64.Build.0 = Release|Any CPU
		{86F49A61-E9E0-4074-AB0F-B6FA9810D32E}.Release|x86.ActiveCfg = Release|Any CPU
		{86F49A61-E9E0-4074-AB0F-B6FA9810D32E}.Release|x86.Build.0 = Release|Any CPU
		{8A315403-5937-402D-90CC-7FA06A81B532}.Debug|Any CPU.ActiveCfg = Debug|Any CPU
		{8A315403-5937-402D-90CC-7FA06A81B532}.Debug|Any CPU.Build.0 = Debug|Any CPU
		{8A315403-5937-402D-90CC-7FA06A81B532}.Debug|x64.ActiveCfg = Debug|Any CPU
		{8A315403-5937-402D-90CC-7FA06A81B532}.Debug|x64.Build.0 = Debug|Any CPU
		{8A315403-5937-402D-90CC-7FA06A81B532}.Debug|x86.ActiveCfg = Debug|Any CPU
		{8A315403-5937-402D-90CC-7FA06A81B532}.Debug|x86.Build.0 = Debug|Any CPU
		{8A315403-5937-402D-90CC-7FA06A81B532}.Release|Any CPU.ActiveCfg = Release|Any CPU
		{8A315403-5937-402D-90CC-7FA06A81B532}.Release|Any CPU.Build.0 = Release|Any CPU
		{8A315403-5937-402D-90CC-7FA06A81B532}.Release|x64.ActiveCfg = Release|Any CPU
		{8A315403-5937-402D-90CC-7FA06A81B532}.Release|x64.Build.0 = Release|Any CPU
		{8A315403-5937-402D-90CC-7FA06A81B532}.Release|x86.ActiveCfg = Release|Any CPU
		{8A315403-5937-402D-90CC-7FA06A81B532}.Release|x86.Build.0 = Release|Any CPU
		{4AB2322F-F6E7-4C77-812C-D6C6DBC81BFF}.Debug|Any CPU.ActiveCfg = Debug|Any CPU
		{4AB2322F-F6E7-4C77-812C-D6C6DBC81BFF}.Debug|Any CPU.Build.0 = Debug|Any CPU
		{4AB2322F-F6E7-4C77-812C-D6C6DBC81BFF}.Debug|x64.ActiveCfg = Debug|Any CPU
		{4AB2322F-F6E7-4C77-812C-D6C6DBC81BFF}.Debug|x64.Build.0 = Debug|Any CPU
		{4AB2322F-F6E7-4C77-812C-D6C6DBC81BFF}.Debug|x86.ActiveCfg = Debug|Any CPU
		{4AB2322F-F6E7-4C77-812C-D6C6DBC81BFF}.Debug|x86.Build.0 = Debug|Any CPU
		{4AB2322F-F6E7-4C77-812C-D6C6DBC81BFF}.Release|Any CPU.ActiveCfg = Release|Any CPU
		{4AB2322F-F6E7-4C77-812C-D6C6DBC81BFF}.Release|Any CPU.Build.0 = Release|Any CPU
		{4AB2322F-F6E7-4C77-812C-D6C6DBC81BFF}.Release|x64.ActiveCfg = Release|Any CPU
		{4AB2322F-F6E7-4C77-812C-D6C6DBC81BFF}.Release|x64.Build.0 = Release|Any CPU
		{4AB2322F-F6E7-4C77-812C-D6C6DBC81BFF}.Release|x86.ActiveCfg = Release|Any CPU
		{4AB2322F-F6E7-4C77-812C-D6C6DBC81BFF}.Release|x86.Build.0 = Release|Any CPU
		{2CA0E6C9-09F9-451E-ADEC-EA1D80489C91}.Debug|Any CPU.ActiveCfg = Debug|Any CPU
		{2CA0E6C9-09F9-451E-ADEC-EA1D80489C91}.Debug|Any CPU.Build.0 = Debug|Any CPU
		{2CA0E6C9-09F9-451E-ADEC-EA1D80489C91}.Debug|x64.ActiveCfg = Debug|Any CPU
		{2CA0E6C9-09F9-451E-ADEC-EA1D80489C91}.Debug|x64.Build.0 = Debug|Any CPU
		{2CA0E6C9-09F9-451E-ADEC-EA1D80489C91}.Debug|x86.ActiveCfg = Debug|Any CPU
		{2CA0E6C9-09F9-451E-ADEC-EA1D80489C91}.Debug|x86.Build.0 = Debug|Any CPU
		{2CA0E6C9-09F9-451E-ADEC-EA1D80489C91}.Release|Any CPU.ActiveCfg = Release|Any CPU
		{2CA0E6C9-09F9-451E-ADEC-EA1D80489C91}.Release|Any CPU.Build.0 = Release|Any CPU
		{2CA0E6C9-09F9-451E-ADEC-EA1D80489C91}.Release|x64.ActiveCfg = Release|Any CPU
		{2CA0E6C9-09F9-451E-ADEC-EA1D80489C91}.Release|x64.Build.0 = Release|Any CPU
		{2CA0E6C9-09F9-451E-ADEC-EA1D80489C91}.Release|x86.ActiveCfg = Release|Any CPU
		{2CA0E6C9-09F9-451E-ADEC-EA1D80489C91}.Release|x86.Build.0 = Release|Any CPU
		{888F1A15-62FF-4700-AF5B-43C36BDA0559}.Debug|Any CPU.ActiveCfg = Debug|Any CPU
		{888F1A15-62FF-4700-AF5B-43C36BDA0559}.Debug|Any CPU.Build.0 = Debug|Any CPU
		{888F1A15-62FF-4700-AF5B-43C36BDA0559}.Debug|x64.ActiveCfg = Debug|Any CPU
		{888F1A15-62FF-4700-AF5B-43C36BDA0559}.Debug|x64.Build.0 = Debug|Any CPU
		{888F1A15-62FF-4700-AF5B-43C36BDA0559}.Debug|x86.ActiveCfg = Debug|Any CPU
		{888F1A15-62FF-4700-AF5B-43C36BDA0559}.Debug|x86.Build.0 = Debug|Any CPU
		{888F1A15-62FF-4700-AF5B-43C36BDA0559}.Release|Any CPU.ActiveCfg = Release|Any CPU
		{888F1A15-62FF-4700-AF5B-43C36BDA0559}.Release|Any CPU.Build.0 = Release|Any CPU
		{888F1A15-62FF-4700-AF5B-43C36BDA0559}.Release|x64.ActiveCfg = Release|Any CPU
		{888F1A15-62FF-4700-AF5B-43C36BDA0559}.Release|x64.Build.0 = Release|Any CPU
		{888F1A15-62FF-4700-AF5B-43C36BDA0559}.Release|x86.ActiveCfg = Release|Any CPU
		{888F1A15-62FF-4700-AF5B-43C36BDA0559}.Release|x86.Build.0 = Release|Any CPU
		{21C403C6-94E7-4BB5-8A68-894E06332F7D}.Debug|Any CPU.ActiveCfg = Debug|Any CPU
		{21C403C6-94E7-4BB5-8A68-894E06332F7D}.Debug|Any CPU.Build.0 = Debug|Any CPU
		{21C403C6-94E7-4BB5-8A68-894E06332F7D}.Debug|x64.ActiveCfg = Debug|Any CPU
		{21C403C6-94E7-4BB5-8A68-894E06332F7D}.Debug|x64.Build.0 = Debug|Any CPU
		{21C403C6-94E7-4BB5-8A68-894E06332F7D}.Debug|x86.ActiveCfg = Debug|Any CPU
		{21C403C6-94E7-4BB5-8A68-894E06332F7D}.Debug|x86.Build.0 = Debug|Any CPU
		{21C403C6-94E7-4BB5-8A68-894E06332F7D}.Release|Any CPU.ActiveCfg = Release|Any CPU
		{21C403C6-94E7-4BB5-8A68-894E06332F7D}.Release|Any CPU.Build.0 = Release|Any CPU
		{21C403C6-94E7-4BB5-8A68-894E06332F7D}.Release|x64.ActiveCfg = Release|Any CPU
		{21C403C6-94E7-4BB5-8A68-894E06332F7D}.Release|x64.Build.0 = Release|Any CPU
		{21C403C6-94E7-4BB5-8A68-894E06332F7D}.Release|x86.ActiveCfg = Release|Any CPU
		{21C403C6-94E7-4BB5-8A68-894E06332F7D}.Release|x86.Build.0 = Release|Any CPU
	EndGlobalSection
EndGlobal
