
Microsoft Visual Studio Solution File, Format Version 12.00
# Visual Studio Version 16
VisualStudioVersion = 16.0.30114.105
MinimumVisualStudioVersion = 10.0.40219.1
Project("{FAE04EC0-301F-11D3-BF4B-00C04F79EFBC}") = "Exs123", "Exs123\Exs123.csproj", "{916F2E8E-DF71-4425-8656-DF1A131A9958}"
EndProject
Project("{FAE04EC0-301F-11D3-BF4B-00C04F79EFBC}") = "Exs456789", "Exs456789\Exs456789.csproj", "{5EDFD132-9E77-4D49-B148-21DD978ACD69}"
EndProject
Project("{FAE04EC0-301F-11D3-BF4B-00C04F79EFBC}") = "Ex10", "Ex10\Ex10.csproj", "{F0EB8F94-8CF0-4B79-8B3F-0F7716C03AE3}"
EndProject
Project("{FAE04EC0-301F-11D3-BF4B-00C04F79EFBC}") = "Ex11", "Ex11\Ex11.csproj", "{F0040255-445F-44C2-8E09-C42B1F15AE21}"
EndProject
Project("{FAE04EC0-301F-11D3-BF4B-00C04F79EFBC}") = "Ex12", "Ex12\Ex12.csproj", "{C6F8CBE5-11A3-4D9B-9DDC-ECFA5AE38000}"
EndProject
Project("{FAE04EC0-301F-11D3-BF4B-00C04F79EFBC}") = "Ex13", "Ex13\Ex13.csproj", "{E8B156E1-AADF-45CB-961A-45679F3E4F47}"
EndProject
Project("{FAE04EC0-301F-11D3-BF4B-00C04F79EFBC}") = "Ex15", "Ex15\Ex15.csproj", "{944B1667-99E3-422D-9B12-FDA5314ECFB6}"
EndProject
Project("{FAE04EC0-301F-11D3-BF4B-00C04F79EFBC}") = "Ex16", "Ex16\Ex16.csproj", "{6341533D-0804-427B-A599-8D3DA0336838}"
EndProject
Project("{FAE04EC0-301F-11D3-BF4B-00C04F79EFBC}") = "Ex17", "Ex17\Ex17.csproj", "{5D90106D-2344-49F0-9D1C-BC00D4A9356E}"
EndProject
Project("{FAE04EC0-301F-11D3-BF4B-00C04F79EFBC}") = "Ex18", "Ex18\Ex18.csproj", "{C52D114F-8D90-4766-8A54-C0C7BD027327}"
EndProject
Project("{FAE04EC0-301F-11D3-BF4B-00C04F79EFBC}") = "Exs20.21.22", "Exs20.21.22\Exs20.21.22.csproj", "{4ED57256-A44E-4341-940C-2853FC2FE354}"
EndProject
Project("{FAE04EC0-301F-11D3-BF4B-00C04F79EFBC}") = "Ex25", "Ex25\Ex25.csproj", "{E068C39B-5894-4481-B638-FA486F51FBB7}"
EndProject
Project("{FAE04EC0-301F-11D3-BF4B-00C04F79EFBC}") = "Ex26", "Ex26\Ex26.csproj", "{94C08468-28DA-4C8C-A315-BA63D3D21F39}"
EndProject
Project("{FAE04EC0-301F-11D3-BF4B-00C04F79EFBC}") = "Ex27", "Ex27\Ex27.csproj", "{BA27A4AE-AD95-48FF-A8D3-BFC0B78D4E22}"
EndProject
Project("{FAE04EC0-301F-11D3-BF4B-00C04F79EFBC}") = "Ex29", "Ex29\Ex29.csproj", "{4C8A5244-0A8D-4B03-AB89-DAC7B8FBB507}"
EndProject
Project("{FAE04EC0-301F-11D3-BF4B-00C04F79EFBC}") = "Ex32.33.34", "Ex32.33.34\Ex32.33.34.csproj", "{3E42FB82-DACE-4DAA-8759-E997A54B91D9}"
EndProject
Project("{FAE04EC0-301F-11D3-BF4B-00C04F79EFBC}") = "Ex38", "Ex38\Ex38.csproj", "{F8E1C6AA-C7BE-4207-A01E-CC1A97C0EFB8}"
EndProject
Project("{FAE04EC0-301F-11D3-BF4B-00C04F79EFBC}") = "Ex40.41.42", "Ex40.41.42\Ex40.41.42.csproj", "{6C735005-F31A-4C7B-A7EC-82C9A85076C3}"
EndProject
Project("{FAE04EC0-301F-11D3-BF4B-00C04F79EFBC}") = "Ex43", "Ex43\Ex43.csproj", "{6C4BB0FC-F11D-473B-9B4D-8F9324C0D3F3}"
EndProject
Project("{FAE04EC0-301F-11D3-BF4B-00C04F79EFBC}") = "Ex44", "Ex44\Ex44.csproj", "{7B8CAD6B-9BCB-4BD8-ABC2-07B20D0CCFAE}"
EndProject
Project("{FAE04EC0-301F-11D3-BF4B-00C04F79EFBC}") = "Ex45", "Ex45\Ex45.csproj", "{39C233C8-AD09-4CCC-82F5-40EBE98471F3}"
EndProject
Project("{FAE04EC0-301F-11D3-BF4B-00C04F79EFBC}") = "Ex46.47.48", "Ex46.47.48\Ex46.47.48.csproj", "{DDAB544A-650D-45D5-91E3-12457C29B238}"
EndProject
Global
	GlobalSection(SolutionConfigurationPlatforms) = preSolution
		Debug|Any CPU = Debug|Any CPU
		Debug|x64 = Debug|x64
		Debug|x86 = Debug|x86
		Release|Any CPU = Release|Any CPU
		Release|x64 = Release|x64
		Release|x86 = Release|x86
	EndGlobalSection
	GlobalSection(SolutionProperties) = preSolution
		HideSolutionNode = FALSE
	EndGlobalSection
	GlobalSection(ProjectConfigurationPlatforms) = postSolution
		{916F2E8E-DF71-4425-8656-DF1A131A9958}.Debug|Any CPU.ActiveCfg = Debug|Any CPU
		{916F2E8E-DF71-4425-8656-DF1A131A9958}.Debug|Any CPU.Build.0 = Debug|Any CPU
		{916F2E8E-DF71-4425-8656-DF1A131A9958}.Debug|x64.ActiveCfg = Debug|Any CPU
		{916F2E8E-DF71-4425-8656-DF1A131A9958}.Debug|x64.Build.0 = Debug|Any CPU
		{916F2E8E-DF71-4425-8656-DF1A131A9958}.Debug|x86.ActiveCfg = Debug|Any CPU
		{916F2E8E-DF71-4425-8656-DF1A131A9958}.Debug|x86.Build.0 = Debug|Any CPU
		{916F2E8E-DF71-4425-8656-DF1A131A9958}.Release|Any CPU.ActiveCfg = Release|Any CPU
		{916F2E8E-DF71-4425-8656-DF1A131A9958}.Release|Any CPU.Build.0 = Release|Any CPU
		{916F2E8E-DF71-4425-8656-DF1A131A9958}.Release|x64.ActiveCfg = Release|Any CPU
		{916F2E8E-DF71-4425-8656-DF1A131A9958}.Release|x64.Build.0 = Release|Any CPU
		{916F2E8E-DF71-4425-8656-DF1A131A9958}.Release|x86.ActiveCfg = Release|Any CPU
		{916F2E8E-DF71-4425-8656-DF1A131A9958}.Release|x86.Build.0 = Release|Any CPU
		{5EDFD132-9E77-4D49-B148-21DD978ACD69}.Debug|Any CPU.ActiveCfg = Debug|Any CPU
		{5EDFD132-9E77-4D49-B148-21DD978ACD69}.Debug|Any CPU.Build.0 = Debug|Any CPU
		{5EDFD132-9E77-4D49-B148-21DD978ACD69}.Debug|x64.ActiveCfg = Debug|Any CPU
		{5EDFD132-9E77-4D49-B148-21DD978ACD69}.Debug|x64.Build.0 = Debug|Any CPU
		{5EDFD132-9E77-4D49-B148-21DD978ACD69}.Debug|x86.ActiveCfg = Debug|Any CPU
		{5EDFD132-9E77-4D49-B148-21DD978ACD69}.Debug|x86.Build.0 = Debug|Any CPU
		{5EDFD132-9E77-4D49-B148-21DD978ACD69}.Release|Any CPU.ActiveCfg = Release|Any CPU
		{5EDFD132-9E77-4D49-B148-21DD978ACD69}.Release|Any CPU.Build.0 = Release|Any CPU
		{5EDFD132-9E77-4D49-B148-21DD978ACD69}.Release|x64.ActiveCfg = Release|Any CPU
		{5EDFD132-9E77-4D49-B148-21DD978ACD69}.Release|x64.Build.0 = Release|Any CPU
		{5EDFD132-9E77-4D49-B148-21DD978ACD69}.Release|x86.ActiveCfg = Release|Any CPU
		{5EDFD132-9E77-4D49-B148-21DD978ACD69}.Release|x86.Build.0 = Release|Any CPU
		{F0EB8F94-8CF0-4B79-8B3F-0F7716C03AE3}.Debug|Any CPU.ActiveCfg = Debug|Any CPU
		{F0EB8F94-8CF0-4B79-8B3F-0F7716C03AE3}.Debug|Any CPU.Build.0 = Debug|Any CPU
		{F0EB8F94-8CF0-4B79-8B3F-0F7716C03AE3}.Debug|x64.ActiveCfg = Debug|Any CPU
		{F0EB8F94-8CF0-4B79-8B3F-0F7716C03AE3}.Debug|x64.Build.0 = Debug|Any CPU
		{F0EB8F94-8CF0-4B79-8B3F-0F7716C03AE3}.Debug|x86.ActiveCfg = Debug|Any CPU
		{F0EB8F94-8CF0-4B79-8B3F-0F7716C03AE3}.Debug|x86.Build.0 = Debug|Any CPU
		{F0EB8F94-8CF0-4B79-8B3F-0F7716C03AE3}.Release|Any CPU.ActiveCfg = Release|Any CPU
		{F0EB8F94-8CF0-4B79-8B3F-0F7716C03AE3}.Release|Any CPU.Build.0 = Release|Any CPU
		{F0EB8F94-8CF0-4B79-8B3F-0F7716C03AE3}.Release|x64.ActiveCfg = Release|Any CPU
		{F0EB8F94-8CF0-4B79-8B3F-0F7716C03AE3}.Release|x64.Build.0 = Release|Any CPU
		{F0EB8F94-8CF0-4B79-8B3F-0F7716C03AE3}.Release|x86.ActiveCfg = Release|Any CPU
		{F0EB8F94-8CF0-4B79-8B3F-0F7716C03AE3}.Release|x86.Build.0 = Release|Any CPU
		{F0040255-445F-44C2-8E09-C42B1F15AE21}.Debug|Any CPU.ActiveCfg = Debug|Any CPU
		{F0040255-445F-44C2-8E09-C42B1F15AE21}.Debug|Any CPU.Build.0 = Debug|Any CPU
		{F0040255-445F-44C2-8E09-C42B1F15AE21}.Debug|x64.ActiveCfg = Debug|Any CPU
		{F0040255-445F-44C2-8E09-C42B1F15AE21}.Debug|x64.Build.0 = Debug|Any CPU
		{F0040255-445F-44C2-8E09-C42B1F15AE21}.Debug|x86.ActiveCfg = Debug|Any CPU
		{F0040255-445F-44C2-8E09-C42B1F15AE21}.Debug|x86.Build.0 = Debug|Any CPU
		{F0040255-445F-44C2-8E09-C42B1F15AE21}.Release|Any CPU.ActiveCfg = Release|Any CPU
		{F0040255-445F-44C2-8E09-C42B1F15AE21}.Release|Any CPU.Build.0 = Release|Any CPU
		{F0040255-445F-44C2-8E09-C42B1F15AE21}.Release|x64.ActiveCfg = Release|Any CPU
		{F0040255-445F-44C2-8E09-C42B1F15AE21}.Release|x64.Build.0 = Release|Any CPU
		{F0040255-445F-44C2-8E09-C42B1F15AE21}.Release|x86.ActiveCfg = Release|Any CPU
		{F0040255-445F-44C2-8E09-C42B1F15AE21}.Release|x86.Build.0 = Release|Any CPU
		{C6F8CBE5-11A3-4D9B-9DDC-ECFA5AE38000}.Debug|Any CPU.ActiveCfg = Debug|Any CPU
		{C6F8CBE5-11A3-4D9B-9DDC-ECFA5AE38000}.Debug|Any CPU.Build.0 = Debug|Any CPU
		{C6F8CBE5-11A3-4D9B-9DDC-ECFA5AE38000}.Debug|x64.ActiveCfg = Debug|Any CPU
		{C6F8CBE5-11A3-4D9B-9DDC-ECFA5AE38000}.Debug|x64.Build.0 = Debug|Any CPU
		{C6F8CBE5-11A3-4D9B-9DDC-ECFA5AE38000}.Debug|x86.ActiveCfg = Debug|Any CPU
		{C6F8CBE5-11A3-4D9B-9DDC-ECFA5AE38000}.Debug|x86.Build.0 = Debug|Any CPU
		{C6F8CBE5-11A3-4D9B-9DDC-ECFA5AE38000}.Release|Any CPU.ActiveCfg = Release|Any CPU
		{C6F8CBE5-11A3-4D9B-9DDC-ECFA5AE38000}.Release|Any CPU.Build.0 = Release|Any CPU
		{C6F8CBE5-11A3-4D9B-9DDC-ECFA5AE38000}.Release|x64.ActiveCfg = Release|Any CPU
		{C6F8CBE5-11A3-4D9B-9DDC-ECFA5AE38000}.Release|x64.Build.0 = Release|Any CPU
		{C6F8CBE5-11A3-4D9B-9DDC-ECFA5AE38000}.Release|x86.ActiveCfg = Release|Any CPU
		{C6F8CBE5-11A3-4D9B-9DDC-ECFA5AE38000}.Release|x86.Build.0 = Release|Any CPU
		{E8B156E1-AADF-45CB-961A-45679F3E4F47}.Debug|Any CPU.ActiveCfg = Debug|Any CPU
		{E8B156E1-AADF-45CB-961A-45679F3E4F47}.Debug|Any CPU.Build.0 = Debug|Any CPU
		{E8B156E1-AADF-45CB-961A-45679F3E4F47}.Debug|x64.ActiveCfg = Debug|Any CPU
		{E8B156E1-AADF-45CB-961A-45679F3E4F47}.Debug|x64.Build.0 = Debug|Any CPU
		{E8B156E1-AADF-45CB-961A-45679F3E4F47}.Debug|x86.ActiveCfg = Debug|Any CPU
		{E8B156E1-AADF-45CB-961A-45679F3E4F47}.Debug|x86.Build.0 = Debug|Any CPU
		{E8B156E1-AADF-45CB-961A-45679F3E4F47}.Release|Any CPU.ActiveCfg = Release|Any CPU
		{E8B156E1-AADF-45CB-961A-45679F3E4F47}.Release|Any CPU.Build.0 = Release|Any CPU
		{E8B156E1-AADF-45CB-961A-45679F3E4F47}.Release|x64.ActiveCfg = Release|Any CPU
		{E8B156E1-AADF-45CB-961A-45679F3E4F47}.Release|x64.Build.0 = Release|Any CPU
		{E8B156E1-AADF-45CB-961A-45679F3E4F47}.Release|x86.ActiveCfg = Release|Any CPU
		{E8B156E1-AADF-45CB-961A-45679F3E4F47}.Release|x86.Build.0 = Release|Any CPU
		{944B1667-99E3-422D-9B12-FDA5314ECFB6}.Debug|Any CPU.ActiveCfg = Debug|Any CPU
		{944B1667-99E3-422D-9B12-FDA5314ECFB6}.Debug|Any CPU.Build.0 = Debug|Any CPU
		{944B1667-99E3-422D-9B12-FDA5314ECFB6}.Debug|x64.ActiveCfg = Debug|Any CPU
		{944B1667-99E3-422D-9B12-FDA5314ECFB6}.Debug|x64.Build.0 = Debug|Any CPU
		{944B1667-99E3-422D-9B12-FDA5314ECFB6}.Debug|x86.ActiveCfg = Debug|Any CPU
		{944B1667-99E3-422D-9B12-FDA5314ECFB6}.Debug|x86.Build.0 = Debug|Any CPU
		{944B1667-99E3-422D-9B12-FDA5314ECFB6}.Release|Any CPU.ActiveCfg = Release|Any CPU
		{944B1667-99E3-422D-9B12-FDA5314ECFB6}.Release|Any CPU.Build.0 = Release|Any CPU
		{944B1667-99E3-422D-9B12-FDA5314ECFB6}.Release|x64.ActiveCfg = Release|Any CPU
		{944B1667-99E3-422D-9B12-FDA5314ECFB6}.Release|x64.Build.0 = Release|Any CPU
		{944B1667-99E3-422D-9B12-FDA5314ECFB6}.Release|x86.ActiveCfg = Release|Any CPU
		{944B1667-99E3-422D-9B12-FDA5314ECFB6}.Release|x86.Build.0 = Release|Any CPU
		{6341533D-0804-427B-A599-8D3DA0336838}.Debug|Any CPU.ActiveCfg = Debug|Any CPU
		{6341533D-0804-427B-A599-8D3DA0336838}.Debug|Any CPU.Build.0 = Debug|Any CPU
		{6341533D-0804-427B-A599-8D3DA0336838}.Debug|x64.ActiveCfg = Debug|Any CPU
		{6341533D-0804-427B-A599-8D3DA0336838}.Debug|x64.Build.0 = Debug|Any CPU
		{6341533D-0804-427B-A599-8D3DA0336838}.Debug|x86.ActiveCfg = Debug|Any CPU
		{6341533D-0804-427B-A599-8D3DA0336838}.Debug|x86.Build.0 = Debug|Any CPU
		{6341533D-0804-427B-A599-8D3DA0336838}.Release|Any CPU.ActiveCfg = Release|Any CPU
		{6341533D-0804-427B-A599-8D3DA0336838}.Release|Any CPU.Build.0 = Release|Any CPU
		{6341533D-0804-427B-A599-8D3DA0336838}.Release|x64.ActiveCfg = Release|Any CPU
		{6341533D-0804-427B-A599-8D3DA0336838}.Release|x64.Build.0 = Release|Any CPU
		{6341533D-0804-427B-A599-8D3DA0336838}.Release|x86.ActiveCfg = Release|Any CPU
		{6341533D-0804-427B-A599-8D3DA0336838}.Release|x86.Build.0 = Release|Any CPU
		{5D90106D-2344-49F0-9D1C-BC00D4A9356E}.Debug|Any CPU.ActiveCfg = Debug|Any CPU
		{5D90106D-2344-49F0-9D1C-BC00D4A9356E}.Debug|Any CPU.Build.0 = Debug|Any CPU
		{5D90106D-2344-49F0-9D1C-BC00D4A9356E}.Debug|x64.ActiveCfg = Debug|Any CPU
		{5D90106D-2344-49F0-9D1C-BC00D4A9356E}.Debug|x64.Build.0 = Debug|Any CPU
		{5D90106D-2344-49F0-9D1C-BC00D4A9356E}.Debug|x86.ActiveCfg = Debug|Any CPU
		{5D90106D-2344-49F0-9D1C-BC00D4A9356E}.Debug|x86.Build.0 = Debug|Any CPU
		{5D90106D-2344-49F0-9D1C-BC00D4A9356E}.Release|Any CPU.ActiveCfg = Release|Any CPU
		{5D90106D-2344-49F0-9D1C-BC00D4A9356E}.Release|Any CPU.Build.0 = Release|Any CPU
		{5D90106D-2344-49F0-9D1C-BC00D4A9356E}.Release|x64.ActiveCfg = Release|Any CPU
		{5D90106D-2344-49F0-9D1C-BC00D4A9356E}.Release|x64.Build.0 = Release|Any CPU
		{5D90106D-2344-49F0-9D1C-BC00D4A9356E}.Release|x86.ActiveCfg = Release|Any CPU
		{5D90106D-2344-49F0-9D1C-BC00D4A9356E}.Release|x86.Build.0 = Release|Any CPU
		{C52D114F-8D90-4766-8A54-C0C7BD027327}.Debug|Any CPU.ActiveCfg = Debug|Any CPU
		{C52D114F-8D90-4766-8A54-C0C7BD027327}.Debug|Any CPU.Build.0 = Debug|Any CPU
		{C52D114F-8D90-4766-8A54-C0C7BD027327}.Debug|x64.ActiveCfg = Debug|Any CPU
		{C52D114F-8D90-4766-8A54-C0C7BD027327}.Debug|x64.Build.0 = Debug|Any CPU
		{C52D114F-8D90-4766-8A54-C0C7BD027327}.Debug|x86.ActiveCfg = Debug|Any CPU
		{C52D114F-8D90-4766-8A54-C0C7BD027327}.Debug|x86.Build.0 = Debug|Any CPU
		{C52D114F-8D90-4766-8A54-C0C7BD027327}.Release|Any CPU.ActiveCfg = Release|Any CPU
		{C52D114F-8D90-4766-8A54-C0C7BD027327}.Release|Any CPU.Build.0 = Release|Any CPU
		{C52D114F-8D90-4766-8A54-C0C7BD027327}.Release|x64.ActiveCfg = Release|Any CPU
		{C52D114F-8D90-4766-8A54-C0C7BD027327}.Release|x64.Build.0 = Release|Any CPU
		{C52D114F-8D90-4766-8A54-C0C7BD027327}.Release|x86.ActiveCfg = Release|Any CPU
		{C52D114F-8D90-4766-8A54-C0C7BD027327}.Release|x86.Build.0 = Release|Any CPU
		{4ED57256-A44E-4341-940C-2853FC2FE354}.Debug|Any CPU.ActiveCfg = Debug|Any CPU
		{4ED57256-A44E-4341-940C-2853FC2FE354}.Debug|Any CPU.Build.0 = Debug|Any CPU
		{4ED57256-A44E-4341-940C-2853FC2FE354}.Debug|x64.ActiveCfg = Debug|Any CPU
		{4ED57256-A44E-4341-940C-2853FC2FE354}.Debug|x64.Build.0 = Debug|Any CPU
		{4ED57256-A44E-4341-940C-2853FC2FE354}.Debug|x86.ActiveCfg = Debug|Any CPU
		{4ED57256-A44E-4341-940C-2853FC2FE354}.Debug|x86.Build.0 = Debug|Any CPU
		{4ED57256-A44E-4341-940C-2853FC2FE354}.Release|Any CPU.ActiveCfg = Release|Any CPU
		{4ED57256-A44E-4341-940C-2853FC2FE354}.Release|Any CPU.Build.0 = Release|Any CPU
		{4ED57256-A44E-4341-940C-2853FC2FE354}.Release|x64.ActiveCfg = Release|Any CPU
		{4ED57256-A44E-4341-940C-2853FC2FE354}.Release|x64.Build.0 = Release|Any CPU
		{4ED57256-A44E-4341-940C-2853FC2FE354}.Release|x86.ActiveCfg = Release|Any CPU
		{4ED57256-A44E-4341-940C-2853FC2FE354}.Release|x86.Build.0 = Release|Any CPU
		{E068C39B-5894-4481-B638-FA486F51FBB7}.Debug|Any CPU.ActiveCfg = Debug|Any CPU
		{E068C39B-5894-4481-B638-FA486F51FBB7}.Debug|Any CPU.Build.0 = Debug|Any CPU
		{E068C39B-5894-4481-B638-FA486F51FBB7}.Debug|x64.ActiveCfg = Debug|Any CPU
		{E068C39B-5894-4481-B638-FA486F51FBB7}.Debug|x64.Build.0 = Debug|Any CPU
		{E068C39B-5894-4481-B638-FA486F51FBB7}.Debug|x86.ActiveCfg = Debug|Any CPU
		{E068C39B-5894-4481-B638-FA486F51FBB7}.Debug|x86.Build.0 = Debug|Any CPU
		{E068C39B-5894-4481-B638-FA486F51FBB7}.Release|Any CPU.ActiveCfg = Release|Any CPU
		{E068C39B-5894-4481-B638-FA486F51FBB7}.Release|Any CPU.Build.0 = Release|Any CPU
		{E068C39B-5894-4481-B638-FA486F51FBB7}.Release|x64.ActiveCfg = Release|Any CPU
		{E068C39B-5894-4481-B638-FA486F51FBB7}.Release|x64.Build.0 = Release|Any CPU
		{E068C39B-5894-4481-B638-FA486F51FBB7}.Release|x86.ActiveCfg = Release|Any CPU
		{E068C39B-5894-4481-B638-FA486F51FBB7}.Release|x86.Build.0 = Release|Any CPU
		{94C08468-28DA-4C8C-A315-BA63D3D21F39}.Debug|Any CPU.ActiveCfg = Debug|Any CPU
		{94C08468-28DA-4C8C-A315-BA63D3D21F39}.Debug|Any CPU.Build.0 = Debug|Any CPU
		{94C08468-28DA-4C8C-A315-BA63D3D21F39}.Debug|x64.ActiveCfg = Debug|Any CPU
		{94C08468-28DA-4C8C-A315-BA63D3D21F39}.Debug|x64.Build.0 = Debug|Any CPU
		{94C08468-28DA-4C8C-A315-BA63D3D21F39}.Debug|x86.ActiveCfg = Debug|Any CPU
		{94C08468-28DA-4C8C-A315-BA63D3D21F39}.Debug|x86.Build.0 = Debug|Any CPU
		{94C08468-28DA-4C8C-A315-BA63D3D21F39}.Release|Any CPU.ActiveCfg = Release|Any CPU
		{94C08468-28DA-4C8C-A315-BA63D3D21F39}.Release|Any CPU.Build.0 = Release|Any CPU
		{94C08468-28DA-4C8C-A315-BA63D3D21F39}.Release|x64.ActiveCfg = Release|Any CPU
		{94C08468-28DA-4C8C-A315-BA63D3D21F39}.Release|x64.Build.0 = Release|Any CPU
		{94C08468-28DA-4C8C-A315-BA63D3D21F39}.Release|x86.ActiveCfg = Release|Any CPU
		{94C08468-28DA-4C8C-A315-BA63D3D21F39}.Release|x86.Build.0 = Release|Any CPU
		{BA27A4AE-AD95-48FF-A8D3-BFC0B78D4E22}.Debug|Any CPU.ActiveCfg = Debug|Any CPU
		{BA27A4AE-AD95-48FF-A8D3-BFC0B78D4E22}.Debug|Any CPU.Build.0 = Debug|Any CPU
		{BA27A4AE-AD95-48FF-A8D3-BFC0B78D4E22}.Debug|x64.ActiveCfg = Debug|Any CPU
		{BA27A4AE-AD95-48FF-A8D3-BFC0B78D4E22}.Debug|x64.Build.0 = Debug|Any CPU
		{BA27A4AE-AD95-48FF-A8D3-BFC0B78D4E22}.Debug|x86.ActiveCfg = Debug|Any CPU
		{BA27A4AE-AD95-48FF-A8D3-BFC0B78D4E22}.Debug|x86.Build.0 = Debug|Any CPU
		{BA27A4AE-AD95-48FF-A8D3-BFC0B78D4E22}.Release|Any CPU.ActiveCfg = Release|Any CPU
		{BA27A4AE-AD95-48FF-A8D3-BFC0B78D4E22}.Release|Any CPU.Build.0 = Release|Any CPU
		{BA27A4AE-AD95-48FF-A8D3-BFC0B78D4E22}.Release|x64.ActiveCfg = Release|Any CPU
		{BA27A4AE-AD95-48FF-A8D3-BFC0B78D4E22}.Release|x64.Build.0 = Release|Any CPU
		{BA27A4AE-AD95-48FF-A8D3-BFC0B78D4E22}.Release|x86.ActiveCfg = Release|Any CPU
		{BA27A4AE-AD95-48FF-A8D3-BFC0B78D4E22}.Release|x86.Build.0 = Release|Any CPU
		{4C8A5244-0A8D-4B03-AB89-DAC7B8FBB507}.Debug|Any CPU.ActiveCfg = Debug|Any CPU
		{4C8A5244-0A8D-4B03-AB89-DAC7B8FBB507}.Debug|Any CPU.Build.0 = Debug|Any CPU
		{4C8A5244-0A8D-4B03-AB89-DAC7B8FBB507}.Debug|x64.ActiveCfg = Debug|Any CPU
		{4C8A5244-0A8D-4B03-AB89-DAC7B8FBB507}.Debug|x64.Build.0 = Debug|Any CPU
		{4C8A5244-0A8D-4B03-AB89-DAC7B8FBB507}.Debug|x86.ActiveCfg = Debug|Any CPU
		{4C8A5244-0A8D-4B03-AB89-DAC7B8FBB507}.Debug|x86.Build.0 = Debug|Any CPU
		{4C8A5244-0A8D-4B03-AB89-DAC7B8FBB507}.Release|Any CPU.ActiveCfg = Release|Any CPU
		{4C8A5244-0A8D-4B03-AB89-DAC7B8FBB507}.Release|Any CPU.Build.0 = Release|Any CPU
		{4C8A5244-0A8D-4B03-AB89-DAC7B8FBB507}.Release|x64.ActiveCfg = Release|Any CPU
		{4C8A5244-0A8D-4B03-AB89-DAC7B8FBB507}.Release|x64.Build.0 = Release|Any CPU
		{4C8A5244-0A8D-4B03-AB89-DAC7B8FBB507}.Release|x86.ActiveCfg = Release|Any CPU
		{4C8A5244-0A8D-4B03-AB89-DAC7B8FBB507}.Release|x86.Build.0 = Release|Any CPU
		{3E42FB82-DACE-4DAA-8759-E997A54B91D9}.Debug|Any CPU.ActiveCfg = Debug|Any CPU
		{3E42FB82-DACE-4DAA-8759-E997A54B91D9}.Debug|Any CPU.Build.0 = Debug|Any CPU
		{3E42FB82-DACE-4DAA-8759-E997A54B91D9}.Debug|x64.ActiveCfg = Debug|Any CPU
		{3E42FB82-DACE-4DAA-8759-E997A54B91D9}.Debug|x64.Build.0 = Debug|Any CPU
		{3E42FB82-DACE-4DAA-8759-E997A54B91D9}.Debug|x86.ActiveCfg = Debug|Any CPU
		{3E42FB82-DACE-4DAA-8759-E997A54B91D9}.Debug|x86.Build.0 = Debug|Any CPU
		{3E42FB82-DACE-4DAA-8759-E997A54B91D9}.Release|Any CPU.ActiveCfg = Release|Any CPU
		{3E42FB82-DACE-4DAA-8759-E997A54B91D9}.Release|Any CPU.Build.0 = Release|Any CPU
		{3E42FB82-DACE-4DAA-8759-E997A54B91D9}.Release|x64.ActiveCfg = Release|Any CPU
		{3E42FB82-DACE-4DAA-8759-E997A54B91D9}.Release|x64.Build.0 = Release|Any CPU
		{3E42FB82-DACE-4DAA-8759-E997A54B91D9}.Release|x86.ActiveCfg = Release|Any CPU
		{3E42FB82-DACE-4DAA-8759-E997A54B91D9}.Release|x86.Build.0 = Release|Any CPU
		{F8E1C6AA-C7BE-4207-A01E-CC1A97C0EFB8}.Debug|Any CPU.ActiveCfg = Debug|Any CPU
		{F8E1C6AA-C7BE-4207-A01E-CC1A97C0EFB8}.Debug|Any CPU.Build.0 = Debug|Any CPU
		{F8E1C6AA-C7BE-4207-A01E-CC1A97C0EFB8}.Debug|x64.ActiveCfg = Debug|Any CPU
		{F8E1C6AA-C7BE-4207-A01E-CC1A97C0EFB8}.Debug|x64.Build.0 = Debug|Any CPU
		{F8E1C6AA-C7BE-4207-A01E-CC1A97C0EFB8}.Debug|x86.ActiveCfg = Debug|Any CPU
		{F8E1C6AA-C7BE-4207-A01E-CC1A97C0EFB8}.Debug|x86.Build.0 = Debug|Any CPU
		{F8E1C6AA-C7BE-4207-A01E-CC1A97C0EFB8}.Release|Any CPU.ActiveCfg = Release|Any CPU
		{F8E1C6AA-C7BE-4207-A01E-CC1A97C0EFB8}.Release|Any CPU.Build.0 = Release|Any CPU
		{F8E1C6AA-C7BE-4207-A01E-CC1A97C0EFB8}.Release|x64.ActiveCfg = Release|Any CPU
		{F8E1C6AA-C7BE-4207-A01E-CC1A97C0EFB8}.Release|x64.Build.0 = Release|Any CPU
		{F8E1C6AA-C7BE-4207-A01E-CC1A97C0EFB8}.Release|x86.ActiveCfg = Release|Any CPU
		{F8E1C6AA-C7BE-4207-A01E-CC1A97C0EFB8}.Release|x86.Build.0 = Release|Any CPU
		{6C735005-F31A-4C7B-A7EC-82C9A85076C3}.Debug|Any CPU.ActiveCfg = Debug|Any CPU
		{6C735005-F31A-4C7B-A7EC-82C9A85076C3}.Debug|Any CPU.Build.0 = Debug|Any CPU
		{6C735005-F31A-4C7B-A7EC-82C9A85076C3}.Debug|x64.ActiveCfg = Debug|Any CPU
		{6C735005-F31A-4C7B-A7EC-82C9A85076C3}.Debug|x64.Build.0 = Debug|Any CPU
		{6C735005-F31A-4C7B-A7EC-82C9A85076C3}.Debug|x86.ActiveCfg = Debug|Any CPU
		{6C735005-F31A-4C7B-A7EC-82C9A85076C3}.Debug|x86.Build.0 = Debug|Any CPU
		{6C735005-F31A-4C7B-A7EC-82C9A85076C3}.Release|Any CPU.ActiveCfg = Release|Any CPU
		{6C735005-F31A-4C7B-A7EC-82C9A85076C3}.Release|Any CPU.Build.0 = Release|Any CPU
		{6C735005-F31A-4C7B-A7EC-82C9A85076C3}.Release|x64.ActiveCfg = Release|Any CPU
		{6C735005-F31A-4C7B-A7EC-82C9A85076C3}.Release|x64.Build.0 = Release|Any CPU
		{6C735005-F31A-4C7B-A7EC-82C9A85076C3}.Release|x86.ActiveCfg = Release|Any CPU
		{6C735005-F31A-4C7B-A7EC-82C9A85076C3}.Release|x86.Build.0 = Release|Any CPU
		{6C4BB0FC-F11D-473B-9B4D-8F9324C0D3F3}.Debug|Any CPU.ActiveCfg = Debug|Any CPU
		{6C4BB0FC-F11D-473B-9B4D-8F9324C0D3F3}.Debug|Any CPU.Build.0 = Debug|Any CPU
		{6C4BB0FC-F11D-473B-9B4D-8F9324C0D3F3}.Debug|x64.ActiveCfg = Debug|Any CPU
		{6C4BB0FC-F11D-473B-9B4D-8F9324C0D3F3}.Debug|x64.Build.0 = Debug|Any CPU
		{6C4BB0FC-F11D-473B-9B4D-8F9324C0D3F3}.Debug|x86.ActiveCfg = Debug|Any CPU
		{6C4BB0FC-F11D-473B-9B4D-8F9324C0D3F3}.Debug|x86.Build.0 = Debug|Any CPU
		{6C4BB0FC-F11D-473B-9B4D-8F9324C0D3F3}.Release|Any CPU.ActiveCfg = Release|Any CPU
		{6C4BB0FC-F11D-473B-9B4D-8F9324C0D3F3}.Release|Any CPU.Build.0 = Release|Any CPU
		{6C4BB0FC-F11D-473B-9B4D-8F9324C0D3F3}.Release|x64.ActiveCfg = Release|Any CPU
		{6C4BB0FC-F11D-473B-9B4D-8F9324C0D3F3}.Release|x64.Build.0 = Release|Any CPU
		{6C4BB0FC-F11D-473B-9B4D-8F9324C0D3F3}.Release|x86.ActiveCfg = Release|Any CPU
		{6C4BB0FC-F11D-473B-9B4D-8F9324C0D3F3}.Release|x86.Build.0 = Release|Any CPU
		{7B8CAD6B-9BCB-4BD8-ABC2-07B20D0CCFAE}.Debug|Any CPU.ActiveCfg = Debug|Any CPU
		{7B8CAD6B-9BCB-4BD8-ABC2-07B20D0CCFAE}.Debug|Any CPU.Build.0 = Debug|Any CPU
		{7B8CAD6B-9BCB-4BD8-ABC2-07B20D0CCFAE}.Debug|x64.ActiveCfg = Debug|Any CPU
		{7B8CAD6B-9BCB-4BD8-ABC2-07B20D0CCFAE}.Debug|x64.Build.0 = Debug|Any CPU
		{7B8CAD6B-9BCB-4BD8-ABC2-07B20D0CCFAE}.Debug|x86.ActiveCfg = Debug|Any CPU
		{7B8CAD6B-9BCB-4BD8-ABC2-07B20D0CCFAE}.Debug|x86.Build.0 = Debug|Any CPU
		{7B8CAD6B-9BCB-4BD8-ABC2-07B20D0CCFAE}.Release|Any CPU.ActiveCfg = Release|Any CPU
		{7B8CAD6B-9BCB-4BD8-ABC2-07B20D0CCFAE}.Release|Any CPU.Build.0 = Release|Any CPU
		{7B8CAD6B-9BCB-4BD8-ABC2-07B20D0CCFAE}.Release|x64.ActiveCfg = Release|Any CPU
		{7B8CAD6B-9BCB-4BD8-ABC2-07B20D0CCFAE}.Release|x64.Build.0 = Release|Any CPU
		{7B8CAD6B-9BCB-4BD8-ABC2-07B20D0CCFAE}.Release|x86.ActiveCfg = Release|Any CPU
		{7B8CAD6B-9BCB-4BD8-ABC2-07B20D0CCFAE}.Release|x86.Build.0 = Release|Any CPU
		{39C233C8-AD09-4CCC-82F5-40EBE98471F3}.Debug|Any CPU.ActiveCfg = Debug|Any CPU
		{39C233C8-AD09-4CCC-82F5-40EBE98471F3}.Debug|Any CPU.Build.0 = Debug|Any CPU
		{39C233C8-AD09-4CCC-82F5-40EBE98471F3}.Debug|x64.ActiveCfg = Debug|Any CPU
		{39C233C8-AD09-4CCC-82F5-40EBE98471F3}.Debug|x64.Build.0 = Debug|Any CPU
		{39C233C8-AD09-4CCC-82F5-40EBE98471F3}.Debug|x86.ActiveCfg = Debug|Any CPU
		{39C233C8-AD09-4CCC-82F5-40EBE98471F3}.Debug|x86.Build.0 = Debug|Any CPU
		{39C233C8-AD09-4CCC-82F5-40EBE98471F3}.Release|Any CPU.ActiveCfg = Release|Any CPU
		{39C233C8-AD09-4CCC-82F5-40EBE98471F3}.Release|Any CPU.Build.0 = Release|Any CPU
		{39C233C8-AD09-4CCC-82F5-40EBE98471F3}.Release|x64.ActiveCfg = Release|Any CPU
		{39C233C8-AD09-4CCC-82F5-40EBE98471F3}.Release|x64.Build.0 = Release|Any CPU
		{39C233C8-AD09-4CCC-82F5-40EBE98471F3}.Release|x86.ActiveCfg = Release|Any CPU
		{39C233C8-AD09-4CCC-82F5-40EBE98471F3}.Release|x86.Build.0 = Release|Any CPU
		{DDAB544A-650D-45D5-91E3-12457C29B238}.Debug|Any CPU.ActiveCfg = Debug|Any CPU
		{DDAB544A-650D-45D5-91E3-12457C29B238}.Debug|Any CPU.Build.0 = Debug|Any CPU
		{DDAB544A-650D-45D5-91E3-12457C29B238}.Debug|x64.ActiveCfg = Debug|Any CPU
		{DDAB544A-650D-45D5-91E3-12457C29B238}.Debug|x64.Build.0 = Debug|Any CPU
		{DDAB544A-650D-45D5-91E3-12457C29B238}.Debug|x86.ActiveCfg = Debug|Any CPU
		{DDAB544A-650D-45D5-91E3-12457C29B238}.Debug|x86.Build.0 = Debug|Any CPU
		{DDAB544A-650D-45D5-91E3-12457C29B238}.Release|Any CPU.ActiveCfg = Release|Any CPU
		{DDAB544A-650D-45D5-91E3-12457C29B238}.Release|Any CPU.Build.0 = Release|Any CPU
		{DDAB544A-650D-45D5-91E3-12457C29B238}.Release|x64.ActiveCfg = Release|Any CPU
		{DDAB544A-650D-45D5-91E3-12457C29B238}.Release|x64.Build.0 = Release|Any CPU
		{DDAB544A-650D-45D5-91E3-12457C29B238}.Release|x86.ActiveCfg = Release|Any CPU
		{DDAB544A-650D-45D5-91E3-12457C29B238}.Release|x86.Build.0 = Release|Any CPU
	EndGlobalSection
EndGlobal
